
Microsoft Visual Studio Solution File, Format Version 12.00
# Visual Studio Version 17
VisualStudioVersion = 17.5.002.0
MinimumVisualStudioVersion = 10.0.40219.1
Project("{9A19103F-16F7-4668-BE54-9A1E7A4F7556}") = "searchy", "searchy.csproj", "{65B4D574-A0CB-45D2-85E5-95D69E9EDA49}"
EndProject
Global
	GlobalSection(SolutionConfigurationPlatforms) = preSolution
		Debug|Any CPU = Debug|Any CPU
		Release|Any CPU = Release|Any CPU
	EndGlobalSection
	GlobalSection(ProjectConfigurationPlatforms) = postSolution
		{65B4D574-A0CB-45D2-85E5-95D69E9EDA49}.Debug|Any CPU.ActiveCfg = Debug|Any CPU
		{65B4D574-A0CB-45D2-85E5-95D69E9EDA49}.Debug|Any CPU.Build.0 = Debug|Any CPU
		{65B4D574-A0CB-45D2-85E5-95D69E9EDA49}.Release|Any CPU.ActiveCfg = Release|Any CPU
		{65B4D574-A0CB-45D2-85E5-95D69E9EDA49}.Release|Any CPU.Build.0 = Release|Any CPU
	EndGlobalSection
	GlobalSection(SolutionProperties) = preSolution
		HideSolutionNode = FALSE
	EndGlobalSection
	GlobalSection(ExtensibilityGlobals) = postSolution
		SolutionGuid = {903E043E-B4FC-4043-B60B-8209026B6D83}
	EndGlobalSection
EndGlobal
